
Microsoft Visual Studio Solution File, Format Version 12.00
# Visual Studio 15
VisualStudioVersion = 15.0.28307.168
MinimumVisualStudioVersion = 10.0.40219.1
Project("{8BC9CEB8-8B4A-11D0-8D11-00A0C91BC942}") = "Detection3D", "Detection3D\Detection3D.vcxproj", "{B5C39958-63E3-4984-9727-5AA74F9B8F89}"
	ProjectSection(ProjectDependencies) = postProject
		{667C3929-2FF1-3ED7-97BB-F7D9F4CEFFCA} = {667C3929-2FF1-3ED7-97BB-F7D9F4CEFFCA}
	EndProjectSection
EndProject
Project("{8BC9CEB8-8B4A-11D0-8D11-00A0C91BC942}") = "opencv_modules", "..\..\..\opencvbuild\opencv_modules.vcxproj", "{667C3929-2FF1-3ED7-97BB-F7D9F4CEFFCA}"
EndProject
Global
	GlobalSection(SolutionConfigurationPlatforms) = preSolution
		Debug|x64 = Debug|x64
		Debug|x86 = Debug|x86
		Release|x64 = Release|x64
		Release|x86 = Release|x86
	EndGlobalSection
	GlobalSection(ProjectConfigurationPlatforms) = postSolution
		{B5C39958-63E3-4984-9727-5AA74F9B8F89}.Debug|x64.ActiveCfg = Debug|x64
		{B5C39958-63E3-4984-9727-5AA74F9B8F89}.Debug|x64.Build.0 = Debug|x64
		{B5C39958-63E3-4984-9727-5AA74F9B8F89}.Debug|x86.ActiveCfg = Debug|Win32
		{B5C39958-63E3-4984-9727-5AA74F9B8F89}.Debug|x86.Build.0 = Debug|Win32
		{B5C39958-63E3-4984-9727-5AA74F9B8F89}.Release|x64.ActiveCfg = Release|x64
		{B5C39958-63E3-4984-9727-5AA74F9B8F89}.Release|x64.Build.0 = Release|x64
		{B5C39958-63E3-4984-9727-5AA74F9B8F89}.Release|x86.ActiveCfg = Release|Win32
		{B5C39958-63E3-4984-9727-5AA74F9B8F89}.Release|x86.Build.0 = Release|Win32
		{667C3929-2FF1-3ED7-97BB-F7D9F4CEFFCA}.Debug|x64.ActiveCfg = Debug|Win32
		{667C3929-2FF1-3ED7-97BB-F7D9F4CEFFCA}.Debug|x86.ActiveCfg = Debug|Win32
		{667C3929-2FF1-3ED7-97BB-F7D9F4CEFFCA}.Debug|x86.Build.0 = Debug|Win32
		{667C3929-2FF1-3ED7-97BB-F7D9F4CEFFCA}.Release|x64.ActiveCfg = Release|Win32
		{667C3929-2FF1-3ED7-97BB-F7D9F4CEFFCA}.Release|x86.ActiveCfg = Release|Win32
		{667C3929-2FF1-3ED7-97BB-F7D9F4CEFFCA}.Release|x86.Build.0 = Release|Win32
	EndGlobalSection
	GlobalSection(SolutionProperties) = preSolution
		HideSolutionNode = FALSE
	EndGlobalSection
	GlobalSection(ExtensibilityGlobals) = postSolution
		SolutionGuid = {51D3239E-5F4F-4450-93AB-1AB8391301AC}
	EndGlobalSection
EndGlobal
